
Microsoft Visual Studio Solution File, Format Version 11.00
# Visual Studio 2010
Project("{E24C65DC-7377-472B-9ABA-BC803B73C61A}") = "foodPortal", "..\..\WebSites\foodPortal\", "{35741E6E-CE12-4EDA-AACD-F86045A6D41D}"
	ProjectSection(WebsiteProperties) = preProject
		TargetFrameworkMoniker = ".NETFramework,Version%3Dv4.0"
		Debug.AspNetCompiler.VirtualPath = "/foodPortal"
		Debug.AspNetCompiler.PhysicalPath = "..\..\WebSites\foodPortal\"
		Debug.AspNetCompiler.TargetPath = "PrecompiledWeb\foodPortal\"
		Debug.AspNetCompiler.Updateable = "true"
		Debug.AspNetCompiler.ForceOverwrite = "true"
		Debug.AspNetCompiler.FixedNames = "false"
		Debug.AspNetCompiler.Debug = "True"
		Release.AspNetCompiler.VirtualPath = "/foodPortal"
		Release.AspNetCompiler.PhysicalPath = "..\..\WebSites\foodPortal\"
		Release.AspNetCompiler.TargetPath = "PrecompiledWeb\foodPortal\"
		Release.AspNetCompiler.Updateable = "true"
		Release.AspNetCompiler.ForceOverwrite = "true"
		Release.AspNetCompiler.FixedNames = "false"
		Release.AspNetCompiler.Debug = "False"
		VWDPort = "8045"
		DefaultWebSiteLanguage = "Visual C#"
	EndProjectSection
EndProject
Global
	GlobalSection(SolutionConfigurationPlatforms) = preSolution
		Debug|Any CPU = Debug|Any CPU
	EndGlobalSection
	GlobalSection(ProjectConfigurationPlatforms) = postSolution
		{35741E6E-CE12-4EDA-AACD-F86045A6D41D}.Debug|Any CPU.ActiveCfg = Debug|Any CPU
		{35741E6E-CE12-4EDA-AACD-F86045A6D41D}.Debug|Any CPU.Build.0 = Debug|Any CPU
	EndGlobalSection
	GlobalSection(SolutionProperties) = preSolution
		HideSolutionNode = FALSE
	EndGlobalSection
EndGlobal
